
Microsoft Visual Studio Solution File, Format Version 12.00
# Visual Studio Version 17
VisualStudioVersion = 17.7.34024.191
MinimumVisualStudioVersion = 10.0.40219.1
Project("{FAE04EC0-301F-11D3-BF4B-00C04F79EFBC}") = "CalastoneTestApp", "CalastoneTestApp\CalastoneTestApp.csproj", "{B94817D0-2368-4188-A8B8-B7284BD7D6FE}"
EndProject
Project("{FAE04EC0-301F-11D3-BF4B-00C04F79EFBC}") = "CalastoneTestAppTests", "CalastoneTestAppTests\CalastoneTestAppTests.csproj", "{4B75F0F8-24F3-41FB-A750-DA0F95C91BE7}"
EndProject
Global
	GlobalSection(SolutionConfigurationPlatforms) = preSolution
		Debug|Any CPU = Debug|Any CPU
		Release|Any CPU = Release|Any CPU
	EndGlobalSection
	GlobalSection(ProjectConfigurationPlatforms) = postSolution
		{B94817D0-2368-4188-A8B8-B7284BD7D6FE}.Debug|Any CPU.ActiveCfg = Debug|Any CPU
		{B94817D0-2368-4188-A8B8-B7284BD7D6FE}.Debug|Any CPU.Build.0 = Debug|Any CPU
		{B94817D0-2368-4188-A8B8-B7284BD7D6FE}.Release|Any CPU.ActiveCfg = Release|Any CPU
		{B94817D0-2368-4188-A8B8-B7284BD7D6FE}.Release|Any CPU.Build.0 = Release|Any CPU
		{4B75F0F8-24F3-41FB-A750-DA0F95C91BE7}.Debug|Any CPU.ActiveCfg = Debug|Any CPU
		{4B75F0F8-24F3-41FB-A750-DA0F95C91BE7}.Debug|Any CPU.Build.0 = Debug|Any CPU
		{4B75F0F8-24F3-41FB-A750-DA0F95C91BE7}.Release|Any CPU.ActiveCfg = Release|Any CPU
		{4B75F0F8-24F3-41FB-A750-DA0F95C91BE7}.Release|Any CPU.Build.0 = Release|Any CPU
	EndGlobalSection
	GlobalSection(SolutionProperties) = preSolution
		HideSolutionNode = FALSE
	EndGlobalSection
	GlobalSection(ExtensibilityGlobals) = postSolution
		SolutionGuid = {534A2C7E-7C34-4DCA-AAB3-D6296ACDC360}
	EndGlobalSection
EndGlobal
